PODS:
  - Aspects (1.4.1)
  - dyci (0.1.5.6):
    - dyci/Injections (= 0.1.5.6)
  - dyci/Injections (0.1.5.6)
  - pop (1.0.7)
  - ReactiveCocoa (2.5):
    - ReactiveCocoa/UI (= 2.5)
  - ReactiveCocoa/Core (2.5):
    - ReactiveCocoa/no-arc
  - ReactiveCocoa/no-arc (2.5)
  - ReactiveCocoa/UI (2.5):
    - ReactiveCocoa/Core

DEPENDENCIES:
  - Aspects (~> 1.4.1)
  - dyci (from `https://github.com/DyCI/dyci-main.git`)
  - pop (~> 1.0.7)
  - ReactiveCocoa (= 2.5)

EXTERNAL SOURCES:
  dyci:
    :git: https://github.com/DyCI/dyci-main.git

CHECKOUT OPTIONS:
  dyci:
    :commit: fa8a47d7913e977c9150962ca0260cc629d0b4bc
    :git: https://github.com/DyCI/dyci-main.git

SPEC CHECKSUMS:
  Aspects: 7595ba96a6727a58ebcbfc954497fc5d2fdde546
  dyci: 099c2e6dc98abb8f21b370cabbf1443ff700608a
  pop: 628ffc631644601567ee8bfaaaea493ebd7d0923
  ReactiveCocoa: e2db045570aa97c695e7aa97c2bcab222ae51f4a

COCOAPODS: 0.39.0
