PODS:
  - AFNetworking (2.6.3):
    - AFNetworking/NSURLConnection (= 2.6.3)
    - AFNetworking/NSURLSession (= 2.6.3)
    - AFNetworking/Reachability (= 2.6.3)
    - AFNetworking/Security (= 2.6.3)
    - AFNetworking/Serialization (= 2.6.3)
    - AFNetworking/UIKit (= 2.6.3)
  - AFNetworking/NSURLConnection (2.6.3):
    - AFNetworking/Reachability
    - AFNetworking/Security
    - AFNetworking/Serialization
  - AFNetworking/NSURLSession (2.6.3):
    - AFNetworking/Reachability
    - AFNetworking/Security
    - AFNetworking/Serialization
  - AFNetworking/Reachability (2.6.3)
  - AFNetworking/Security (2.6.3)
  - AFNetworking/Serialization (2.6.3)
  - AFNetworking/UIKit (2.6.3):
    - AFNetworking/NSURLConnection
    - AFNetworking/NSURLSession
  - AFOAuth2Manager (2.2.0):
    - AFNetworking/NSURLConnection (~> 2.2)
  - AlipaySDK-2.0 (2.0.3)
  - Amr2Wav (0.0.6)
  - Aspects (1.4.1)
  - BOString (0.10.0)
  - CocoaLumberjack (2.0.3):
    - CocoaLumberjack/Default (= 2.0.3)
    - CocoaLumberjack/Extensions (= 2.0.3)
  - CocoaLumberjack/Core (2.0.3)
  - CocoaLumberjack/Default (2.0.3):
    - CocoaLumberjack/Core
  - CocoaLumberjack/Extensions (2.0.3):
    - CocoaLumberjack/Default
  - dyci (0.1.5.6):
    - dyci/Injections (= 0.1.5.6)
  - dyci/Injections (0.1.5.6)
  - FLEX (2.1.1)
  - FMDB (2.6):
    - FMDB/standard (= 2.6)
  - FMDB/standard (2.6)
  - IQKeyboardManager (3.2.4)
  - ISO8601 (0.5.0)
  - JSONModel (1.1.2)
  - LGDrawer (1.0.2)
  - Mantle (1.5.7):
    - Mantle/extobjc (= 1.5.7)
  - Mantle/extobjc (1.5.7)
  - Masonry (0.6.4)
  - MBProgressHUD (0.9.2)
  - MJExtension (2.5.16)
  - MJRefresh (2.4.12)
  - OAStackView (0.1.0)
  - ProtocolBuffers (1.9.9.2)
  - Reachability (3.2)
  - ReactiveCocoa (2.5):
    - ReactiveCocoa/UI (= 2.5)
  - ReactiveCocoa/Core (2.5):
    - ReactiveCocoa/no-arc
  - ReactiveCocoa/no-arc (2.5)
  - ReactiveCocoa/UI (2.5):
    - ReactiveCocoa/Core
  - SDWebImage (3.7.5):
    - SDWebImage/Core (= 3.7.5)
  - SDWebImage/Core (3.7.5)
  - SSKeychain (1.3.1)
  - SVProgressHUD (1.1.3)
  - UITableView+FDTemplateLayoutCell (1.4)
  - WEMEClient (1.0.1):
    - AFNetworking (~> 2.3)
    - AFOAuth2Manager (= 2.2.0)
    - ISO8601 (~> 0.3)
    - JSONModel (~> 1.1)
  - YLGIFImage (0.11)
  - YYCache (0.9.5)
  - ZipArchive (1.4.0)

DEPENDENCIES:
  - AFNetworking (~> 2.6.0)
  - AlipaySDK-2.0 (~> 2.0.3)
  - Amr2Wav (from `https://github.com/summerblue/Amr2Wav.git`)
  - Aspects (~> 1.4.1)
  - BOString (~> 0.10.0)
  - CocoaLumberjack (~> 2.0.1)
  - dyci (from `https://github.com/DyCI/dyci-main.git`)
  - FLEX (~> 2.0)
  - FMDB
  - IQKeyboardManager (~> 3.2.4)
  - JSONModel (~> 1.1.0)
  - LGDrawer (~> 1.0.0)
  - Mantle (~> 1.5.5)
  - Masonry (~> 0.6.2)
  - MBProgressHUD (~> 0.9.1)
  - MJExtension (~> 2.5.9)
  - MJRefresh (~> 2.4.7)
  - OAStackView (~> 0.1.0)
  - ProtocolBuffers (~> 1.9.5)
  - Reachability (~> 3.2)
  - ReactiveCocoa (= 2.5)
  - SDWebImage (~> 3.7.3)
  - SSKeychain (~> 1.3.1)
  - SVProgressHUD (~> 1.1)
  - UITableView+FDTemplateLayoutCell (~> 1.3)
  - WEMEClient (from `git@git.thinker.vc:yaoweifeng/WEMEClient.git`, branch `master`)
  - YLGIFImage (~> 0.11)
  - YYCache (~> 0.9.5)
  - ZipArchive (~> 1.4.0)

EXTERNAL SOURCES:
  Amr2Wav:
    :git: https://github.com/summerblue/Amr2Wav.git
  dyci:
    :git: https://github.com/DyCI/dyci-main.git
  WEMEClient:
    :branch: master
    :git: git@git.thinker.vc:yaoweifeng/WEMEClient.git

CHECKOUT OPTIONS:
  Amr2Wav:
    :commit: 558efd779fc747cac51b2903c4fd208b5c750873
    :git: https://github.com/summerblue/Amr2Wav.git
  dyci:
    :commit: fa8a47d7913e977c9150962ca0260cc629d0b4bc
    :git: https://github.com/DyCI/dyci-main.git
  WEMEClient:
    :commit: 11ae032da0ab4e203adb344e784c13a8f7b5e2e6
    :git: git@git.thinker.vc:yaoweifeng/WEMEClient.git

SPEC CHECKSUMS:
  AFNetworking: cb8d14a848e831097108418f5d49217339d4eb60
  AFOAuth2Manager: 952eb62e8fd8022971e64c6e8fe28b9e999224af
  AlipaySDK-2.0: 75e0f3aa6a7a269c486078759e16695447645580
  Amr2Wav: cbc02242a51eb8e607728fa0e197e0fbcd5e1a39
  Aspects: 7595ba96a6727a58ebcbfc954497fc5d2fdde546
  BOString: b4c4df4f8a7f046c42a51c32629772dc2701fc47
  CocoaLumberjack: f58d8a19629f4d8379ae14bb3534def24161430e
  dyci: 099c2e6dc98abb8f21b370cabbf1443ff700608a
  FLEX: 27b768fcae23a313a1eb115076d429180ca9b472
  FMDB: c1968bab3ab0aed38f66cb778ae1e7fa9a652b6e
  IQKeyboardManager: 555b1231fefafb21b19278d7cca72986a27b748b
  ISO8601: 25d7a973fa8daf31a50bbd0401d2e7b98e8a7df3
  JSONModel: 216584d0311b053ff714f1d6cb700dbf890847bc
  LGDrawer: f5069feb8a46c1d8aaef3f5099bddb50939f658e
  Mantle: 4af47cf9547a4d0ad145a48cd0be3b411a5ae2b8
  Masonry: 281802d04d787ea2973179ee8bcb50500579ede2
  MBProgressHUD: 1569cf7ace17a8bac47aabfbb8580a49690386d1
  MJExtension: b8c1321a77d91bcc007b94d38cbf5383c95ea30e
  MJRefresh: ca8e9589895977df32d379d46e6b8a5450b3ff44
  OAStackView: 76e64242351e2746374b9161a03021cbc19341ff
  ProtocolBuffers: 7111461618460961e6b7469177ec45ee551b4f0e
  Reachability: 33e18b67625424e47b6cde6d202dce689ad7af96
  ReactiveCocoa: e2db045570aa97c695e7aa97c2bcab222ae51f4a
  SDWebImage: 69c6303e3348fba97e03f65d65d4fbc26740f461
  SSKeychain: 04c4ec40f4c3deda524e269bc76e5f30e638a174
  SVProgressHUD: 748080e4f36e603f6c02aec292664239df5279c1
  UITableView+FDTemplateLayoutCell: 234e1582bcc4e18461af91155123bb96538ed030
  WEMEClient: 18810417b5ab81881bcc6558fc0599432c1ce08e
  YLGIFImage: c0ae132fe80e5282b2762a97d14e23ba71a748ae
  YYCache: 3ddcc49c387655f077c4e1b3708ed5ed71c79be2
  ZipArchive: e25a4373192673e3229ac8d6e9f64a3e5713c966

COCOAPODS: 0.39.0
