// !$*UTF8*$!
{
	archiveVersion = 1;
	classes = {
	};
	objectVersion = 46;
	objects = {

/* Begin PBXBuildFile section */
		8DE706121DCC670C0052B715 /* IJKMediaFramework.framework in Frameworks */ = {isa = PBXBuildFile; fileRef = 8DE706111DCC670C0052B715 /* IJKMediaFramework.framework */; };
		E446DDAB1D13FA3500517C7E /* main.m in Sources */ = {isa = PBXBuildFile; fileRef = E446DDAA1D13FA3500517C7E /* main.m */; };
		E446DDAE1D13FA3500517C7E /* AppDelegate.m in Sources */ = {isa = PBXBuildFile; fileRef = E446DDAD1D13FA3500517C7E /* AppDelegate.m */; };
		E446DDB11D13FA3500517C7E /* ViewController.m in Sources */ = {isa = PBXBuildFile; fileRef = E446DDB01D13FA3500517C7E /* ViewController.m */; };
		E446DDB41D13FA3500517C7E /* Main.storyboard in Resources */ = {isa = PBXBuildFile; fileRef = E446DDB21D13FA3500517C7E /* Main.storyboard */; };
		E446DDB61D13FA3500517C7E /* Assets.xcassets in Resources */ = {isa = PBXBuildFile; fileRef = E446DDB51D13FA3500517C7E /* Assets.xcassets */; };
		E446DDB91D13FA3500517C7E /* LaunchScreen.storyboard in Resources */ = {isa = PBXBuildFile; fileRef = E446DDB71D13FA3500517C7E /* LaunchScreen.storyboard */; };
		E446DDC41D13FA3600517C7E /* orange_rtmpTests.m in Sources */ = {isa = PBXBuildFile; fileRef = E446DDC31D13FA3600517C7E /* orange_rtmpTests.m */; };
		E446DDCF1D13FA3600517C7E /* orange_rtmpUITests.m in Sources */ = {isa = PBXBuildFile; fileRef = E446DDCE1D13FA3600517C7E /* orange_rtmpUITests.m */; };
		E446DDDE1D13FA8300517C7E /* IJKMediaFramework.framework in Frameworks */ = {isa = PBXBuildFile; fileRef = E446DDDD1D13FA8300517C7E /* IJKMediaFramework.framework */; };
		E446DDE01D13FAA700517C7E /* AudioToolbox.framework in Frameworks */ = {isa = PBXBuildFile; fileRef = E446DDDF1D13FAA700517C7E /* AudioToolbox.framework */; };
		E446DDE21D13FAB400517C7E /* AVFoundation.framework in Frameworks */ = {isa = PBXBuildFile; fileRef = E446DDE11D13FAB400517C7E /* AVFoundation.framework */; };
		E446DDE41D13FAC000517C7E /* CoreGraphics.framework in Frameworks */ = {isa = PBXBuildFile; fileRef = E446DDE31D13FAC000517C7E /* CoreGraphics.framework */; };
		E446DDE61D13FACC00517C7E /* CoreMedia.framework in Frameworks */ = {isa = PBXBuildFile; fileRef = E446DDE51D13FACC00517C7E /* CoreMedia.framework */; };
		E446DDE81D13FAD700517C7E /* libz.tbd in Frameworks */ = {isa = PBXBuildFile; fileRef = E446DDE71D13FAD700517C7E /* libz.tbd */; };
		E446DDEA1D13FAE200517C7E /* libbz2.tbd in Frameworks */ = {isa = PBXBuildFile; fileRef = E446DDE91D13FAE200517C7E /* libbz2.tbd */; };
		E446DDEC1D13FAEE00517C7E /* MediaPlayer.framework in Frameworks */ = {isa = PBXBuildFile; fileRef = E446DDEB1D13FAEE00517C7E /* MediaPlayer.framework */; };
		E446DDEE1D13FAF800517C7E /* OpenGLES.framework in Frameworks */ = {isa = PBXBuildFile; fileRef = E446DDED1D13FAF800517C7E /* OpenGLES.framework */; };
		E446DDF01D13FB0600517C7E /* QuartzCore.framework in Frameworks */ = {isa = PBXBuildFile; fileRef = E446DDEF1D13FB0600517C7E /* QuartzCore.framework */; };
		E446DDF21D13FB1500517C7E /* UIKit.framework in Frameworks */ = {isa = PBXBuildFile; fileRef = E446DDF11D13FB1500517C7E /* UIKit.framework */; };
		E446DDF41D13FB2000517C7E /* VideoToolbox.framework in Frameworks */ = {isa = PBXBuildFile; fileRef = E446DDF31D13FB2000517C7E /* VideoToolbox.framework */; };
/* End PBXBuildFile section */

/* Begin PBXContainerItemProxy section */
		E446DDC01D13FA3600517C7E /* PBXContainerItemProxy */ = {
			isa = PBXContainerItemProxy;
			containerPortal = E446DD9E1D13FA3500517C7E /* Project object */;
			proxyType = 1;
			remoteGlobalIDString = E446DDA51D13FA3500517C7E;
			remoteInfo = orange_rtmp;
		};
		E446DDCB1D13FA3600517C7E /* PBXContainerItemProxy */ = {
			isa = PBXContainerItemProxy;
			containerPortal = E446DD9E1D13FA3500517C7E /* Project object */;
			proxyType = 1;
			remoteGlobalIDString = E446DDA51D13FA3500517C7E;
			remoteInfo = orange_rtmp;
		};
/* End PBXContainerItemProxy section */

/* Begin PBXFileReference section */
		8DE706111DCC670C0052B715 /* IJKMediaFramework.framework */ = {isa = PBXFileReference; lastKnownFileType = wrapper.framework; path = IJKMediaFramework.framework; sourceTree = "<group>"; };
		E446DDA61D13FA3500517C7E /* orange_rtmp.app */ = {isa = PBXFileReference; explicitFileType = wrapper.application; includeInIndex = 0; path = orange_rtmp.app; sourceTree = BUILT_PRODUCTS_DIR; };
		E446DDAA1D13FA3500517C7E /* main.m */ = {isa = PBXFileReference; lastKnownFileType = sourcecode.c.objc; path = main.m; sourceTree = "<group>"; };
		E446DDAC1D13FA3500517C7E /* AppDelegate.h */ = {isa = PBXFileReference; lastKnownFileType = sourcecode.c.h; path = AppDelegate.h; sourceTree = "<group>"; };
		E446DDAD1D13FA3500517C7E /* AppDelegate.m */ = {isa = PBXFileReference; lastKnownFileType = sourcecode.c.objc; path = AppDelegate.m; sourceTree = "<group>"; };
		E446DDAF1D13FA3500517C7E /* ViewController.h */ = {isa = PBXFileReference; lastKnownFileType = sourcecode.c.h; path = ViewController.h; sourceTree = "<group>"; };
		E446DDB01D13FA3500517C7E /* ViewController.m */ = {isa = PBXFileReference; lastKnownFileType = sourcecode.c.objc; path = ViewController.m; sourceTree = "<group>"; };
		E446DDB31D13FA3500517C7E /* Base */ = {isa = PBXFileReference; lastKnownFileType = file.storyboard; name = Base; path = Base.lproj/Main.storyboard; sourceTree = "<group>"; };
		E446DDB51D13FA3500517C7E /* Assets.xcassets */ = {isa = PBXFileReference; lastKnownFileType = folder.assetcatalog; path = Assets.xcassets; sourceTree = "<group>"; };
		E446DDB81D13FA3500517C7E /* Base */ = {isa = PBXFileReference; lastKnownFileType = file.storyboard; name = Base; path = Base.lproj/LaunchScreen.storyboard; sourceTree = "<group>"; };
		E446DDBA1D13FA3500517C7E /* Info.plist */ = {isa = PBXFileReference; lastKnownFileType = text.plist.xml; path = Info.plist; sourceTree = "<group>"; };
		E446DDBF1D13FA3600517C7E /* orange_rtmpTests.xctest */ = {isa = PBXFileReference; explicitFileType = wrapper.cfbundle; includeInIndex = 0; path = orange_rtmpTests.xctest; sourceTree = BUILT_PRODUCTS_DIR; };
		E446DDC31D13FA3600517C7E /* orange_rtmpTests.m */ = {isa = PBXFileReference; lastKnownFileType = sourcecode.c.objc; path = orange_rtmpTests.m; sourceTree = "<group>"; };
		E446DDC51D13FA3600517C7E /* Info.plist */ = {isa = PBXFileReference; lastKnownFileType = text.plist.xml; path = Info.plist; sourceTree = "<group>"; };
		E446DDCA1D13FA3600517C7E /* orange_rtmpUITests.xctest */ = {isa = PBXFileReference; explicitFileType = wrapper.cfbundle; includeInIndex = 0; path = orange_rtmpUITests.xctest; sourceTree = BUILT_PRODUCTS_DIR; };
		E446DDCE1D13FA3600517C7E /* orange_rtmpUITests.m */ = {isa = PBXFileReference; lastKnownFileType = sourcecode.c.objc; path = orange_rtmpUITests.m; sourceTree = "<group>"; };
		E446DDD01D13FA3600517C7E /* Info.plist */ = {isa = PBXFileReference; lastKnownFileType = text.plist.xml; path = Info.plist; sourceTree = "<group>"; };
		E446DDDD1D13FA8300517C7E /* IJKMediaFramework.framework */ = {isa = PBXFileReference; lastKnownFileType = wrapper.framework; path = IJKMediaFramework.framework; sourceTree = "<group>"; };
		E446DDDF1D13FAA700517C7E /* AudioToolbox.framework */ = {isa = PBXFileReference; lastKnownFileType = wrapper.framework; name = AudioToolbox.framework; path = System/Library/Frameworks/AudioToolbox.framework; sourceTree = SDKROOT; };
		E446DDE11D13FAB400517C7E /* AVFoundation.framework */ = {isa = PBXFileReference; lastKnownFileType = wrapper.framework; name = AVFoundation.framework; path = System/Library/Frameworks/AVFoundation.framework; sourceTree = SDKROOT; };
		E446DDE31D13FAC000517C7E /* CoreGraphics.framework */ = {isa = PBXFileReference; lastKnownFileType = wrapper.framework; name = CoreGraphics.framework; path = System/Library/Frameworks/CoreGraphics.framework; sourceTree = SDKROOT; };
		E446DDE51D13FACC00517C7E /* CoreMedia.framework */ = {isa = PBXFileReference; lastKnownFileType = wrapper.framework; name = CoreMedia.framework; path = System/Library/Frameworks/CoreMedia.framework; sourceTree = SDKROOT; };
		E446DDE71D13FAD700517C7E /* libz.tbd */ = {isa = PBXFileReference; lastKnownFileType = "sourcecode.text-based-dylib-definition"; name = libz.tbd; path = usr/lib/libz.tbd; sourceTree = SDKROOT; };
		E446DDE91D13FAE200517C7E /* libbz2.tbd */ = {isa = PBXFileReference; lastKnownFileType = "sourcecode.text-based-dylib-definition"; name = libbz2.tbd; path = usr/lib/libbz2.tbd; sourceTree = SDKROOT; };
		E446DDEB1D13FAEE00517C7E /* MediaPlayer.framework */ = {isa = PBXFileReference; lastKnownFileType = wrapper.framework; name = MediaPlayer.framework; path = System/Library/Frameworks/MediaPlayer.framework; sourceTree = SDKROOT; };
		E446DDED1D13FAF800517C7E /* OpenGLES.framework */ = {isa = PBXFileReference; lastKnownFileType = wrapper.framework; name = OpenGLES.framework; path = System/Library/Frameworks/OpenGLES.framework; sourceTree = SDKROOT; };
		E446DDEF1D13FB0600517C7E /* QuartzCore.framework */ = {isa = PBXFileReference; lastKnownFileType = wrapper.framework; name = QuartzCore.framework; path = System/Library/Frameworks/QuartzCore.framework; sourceTree = SDKROOT; };
		E446DDF11D13FB1500517C7E /* UIKit.framework */ = {isa = PBXFileReference; lastKnownFileType = wrapper.framework; name = UIKit.framework; path = System/Library/Frameworks/UIKit.framework; sourceTree = SDKROOT; };
		E446DDF31D13FB2000517C7E /* VideoToolbox.framework */ = {isa = PBXFileReference; lastKnownFileType = wrapper.framework; name = VideoToolbox.framework; path = System/Library/Frameworks/VideoToolbox.framework; sourceTree = SDKROOT; };
/* End PBXFileReference section */

/* Begin PBXFrameworksBuildPhase section */
		E446DDA31D13FA3500517C7E /* Frameworks */ = {
			isa = PBXFrameworksBuildPhase;
			buildActionMask = 2147483647;
			files = (
				8DE706121DCC670C0052B715 /* IJKMediaFramework.framework in Frameworks */,
				E446DDF41D13FB2000517C7E /* VideoToolbox.framework in Frameworks */,
				E446DDF21D13FB1500517C7E /* UIKit.framework in Frameworks */,
				E446DDF01D13FB0600517C7E /* QuartzCore.framework in Frameworks */,
				E446DDEE1D13FAF800517C7E /* OpenGLES.framework in Frameworks */,
				E446DDEC1D13FAEE00517C7E /* MediaPlayer.framework in Frameworks */,
				E446DDEA1D13FAE200517C7E /* libbz2.tbd in Frameworks */,
				E446DDE81D13FAD700517C7E /* libz.tbd in Frameworks */,
				E446DDE61D13FACC00517C7E /* CoreMedia.framework in Frameworks */,
				E446DDE41D13FAC000517C7E /* CoreGraphics.framework in Frameworks */,
				E446DDE21D13FAB400517C7E /* AVFoundation.framework in Frameworks */,
				E446DDE01D13FAA700517C7E /* AudioToolbox.framework in Frameworks */,
				E446DDDE1D13FA8300517C7E /* IJKMediaFramework.framework in Frameworks */,
			);
			runOnlyForDeploymentPostprocessing = 0;
		};
		E446DDBC1D13FA3600517C7E /* Frameworks */ = {
			isa = PBXFrameworksBuildPhase;
			buildActionMask = 2147483647;
			files = (
			);
			runOnlyForDeploymentPostprocessing = 0;
		};
		E446DDC71D13FA3600517C7E /* Frameworks */ = {
			isa = PBXFrameworksBuildPhase;
			buildActionMask = 2147483647;
			files = (
			);
			runOnlyForDeploymentPostprocessing = 0;
		};
/* End PBXFrameworksBuildPhase section */

/* Begin PBXGroup section */
		E446DD9D1D13FA3500517C7E = {
			isa = PBXGroup;
			children = (
				E446DDA81D13FA3500517C7E /* orange_rtmp */,
				E446DDC21D13FA3600517C7E /* orange_rtmpTests */,
				E446DDCD1D13FA3600517C7E /* orange_rtmpUITests */,
				E446DDA71D13FA3500517C7E /* Products */,
			);
			sourceTree = "<group>";
		};
		E446DDA71D13FA3500517C7E /* Products */ = {
			isa = PBXGroup;
			children = (
				E446DDA61D13FA3500517C7E /* orange_rtmp.app */,
				E446DDBF1D13FA3600517C7E /* orange_rtmpTests.xctest */,
				E446DDCA1D13FA3600517C7E /* orange_rtmpUITests.xctest */,
			);
			name = Products;
			sourceTree = "<group>";
		};
		E446DDA81D13FA3500517C7E /* orange_rtmp */ = {
			isa = PBXGroup;
			children = (
				E446DDDC1D13FA5500517C7E /* framework */,
				E446DDAC1D13FA3500517C7E /* AppDelegate.h */,
				E446DDAD1D13FA3500517C7E /* AppDelegate.m */,
				E446DDAF1D13FA3500517C7E /* ViewController.h */,
				E446DDB01D13FA3500517C7E /* ViewController.m */,
				E446DDB21D13FA3500517C7E /* Main.storyboard */,
				E446DDB51D13FA3500517C7E /* Assets.xcassets */,
				E446DDB71D13FA3500517C7E /* LaunchScreen.storyboard */,
				E446DDBA1D13FA3500517C7E /* Info.plist */,
				E446DDA91D13FA3500517C7E /* Supporting Files */,
			);
			path = orange_rtmp;
			sourceTree = "<group>";
		};
		E446DDA91D13FA3500517C7E /* Supporting Files */ = {
			isa = PBXGroup;
			children = (
				E446DDAA1D13FA3500517C7E /* main.m */,
			);
			name = "Supporting Files";
			sourceTree = "<group>";
		};
		E446DDC21D13FA3600517C7E /* orange_rtmpTests */ = {
			isa = PBXGroup;
			children = (
				E446DDC31D13FA3600517C7E /* orange_rtmpTests.m */,
				E446DDC51D13FA3600517C7E /* Info.plist */,
			);
			path = orange_rtmpTests;
			sourceTree = "<group>";
		};
		E446DDCD1D13FA3600517C7E /* orange_rtmpUITests */ = {
			isa = PBXGroup;
			children = (
				E446DDCE1D13FA3600517C7E /* orange_rtmpUITests.m */,
				E446DDD01D13FA3600517C7E /* Info.plist */,
			);
			path = orange_rtmpUITests;
			sourceTree = "<group>";
		};
		E446DDDC1D13FA5500517C7E /* framework */ = {
			isa = PBXGroup;
			children = (
				8DE706111DCC670C0052B715 /* IJKMediaFramework.framework */,
				E446DDF31D13FB2000517C7E /* VideoToolbox.framework */,
				E446DDF11D13FB1500517C7E /* UIKit.framework */,
				E446DDEF1D13FB0600517C7E /* QuartzCore.framework */,
				E446DDED1D13FAF800517C7E /* OpenGLES.framework */,
				E446DDEB1D13FAEE00517C7E /* MediaPlayer.framework */,
				E446DDE91D13FAE200517C7E /* libbz2.tbd */,
				E446DDE71D13FAD700517C7E /* libz.tbd */,
				E446DDE51D13FACC00517C7E /* CoreMedia.framework */,
				E446DDE31D13FAC000517C7E /* CoreGraphics.framework */,
				E446DDE11D13FAB400517C7E /* AVFoundation.framework */,
				E446DDDF1D13FAA700517C7E /* AudioToolbox.framework */,
				E446DDDD1D13FA8300517C7E /* IJKMediaFramework.framework */,
			);
			name = framework;
			sourceTree = "<group>";
		};
/* End PBXGroup section */

/* Begin PBXNativeTarget section */
		E446DDA51D13FA3500517C7E /* orange_rtmp */ = {
			isa = PBXNativeTarget;
			buildConfigurationList = E446DDD31D13FA3600517C7E /* Build configuration list for PBXNativeTarget "orange_rtmp" */;
			buildPhases = (
				E446DDA21D13FA3500517C7E /* Sources */,
				E446DDA31D13FA3500517C7E /* Frameworks */,
				E446DDA41D13FA3500517C7E /* Resources */,
			);
			buildRules = (
			);
			dependencies = (
			);
			name = orange_rtmp;
			productName = orange_rtmp;
			productReference = E446DDA61D13FA3500517C7E /* orange_rtmp.app */;
			productType = "com.apple.product-type.application";
		};
		E446DDBE1D13FA3600517C7E /* orange_rtmpTests */ = {
			isa = PBXNativeTarget;
			buildConfigurationList = E446DDD61D13FA3600517C7E /* Build configuration list for PBXNativeTarget "orange_rtmpTests" */;
			buildPhases = (
				E446DDBB1D13FA3600517C7E /* Sources */,
				E446DDBC1D13FA3600517C7E /* Frameworks */,
				E446DDBD1D13FA3600517C7E /* Resources */,
			);
			buildRules = (
			);
			dependencies = (
				E446DDC11D13FA3600517C7E /* PBXTargetDependency */,
			);
			name = orange_rtmpTests;
			productName = orange_rtmpTests;
			productReference = E446DDBF1D13FA3600517C7E /* orange_rtmpTests.xctest */;
			productType = "com.apple.product-type.bundle.unit-test";
		};
		E446DDC91D13FA3600517C7E /* orange_rtmpUITests */ = {
			isa = PBXNativeTarget;
			buildConfigurationList = E446DDD91D13FA3600517C7E /* Build configuration list for PBXNativeTarget "orange_rtmpUITests" */;
			buildPhases = (
				E446DDC61D13FA3600517C7E /* Sources */,
				E446DDC71D13FA3600517C7E /* Frameworks */,
				E446DDC81D13FA3600517C7E /* Resources */,
			);
			buildRules = (
			);
			dependencies = (
				E446DDCC1D13FA3600517C7E /* PBXTargetDependency */,
			);
			name = orange_rtmpUITests;
			productName = orange_rtmpUITests;
			productReference = E446DDCA1D13FA3600517C7E /* orange_rtmpUITests.xctest */;
			productType = "com.apple.product-type.bundle.ui-testing";
		};
/* End PBXNativeTarget section */

/* Begin PBXProject section */
		E446DD9E1D13FA3500517C7E /* Project object */ = {
			isa = PBXProject;
			attributes = {
				LastUpgradeCheck = 0730;
				ORGANIZATIONNAME = Heige;
				TargetAttributes = {
					E446DDA51D13FA3500517C7E = {
						CreatedOnToolsVersion = 7.3;
						DevelopmentTeam = LLKYVL766D;
					};
					E446DDBE1D13FA3600517C7E = {
						CreatedOnToolsVersion = 7.3;
						TestTargetID = E446DDA51D13FA3500517C7E;
					};
					E446DDC91D13FA3600517C7E = {
						CreatedOnToolsVersion = 7.3;
						TestTargetID = E446DDA51D13FA3500517C7E;
					};
				};
			};
			buildConfigurationList = E446DDA11D13FA3500517C7E /* Build configuration list for PBXProject "orange_rtmp" */;
			compatibilityVersion = "Xcode 3.2";
			developmentRegion = English;
			hasScannedForEncodings = 0;
			knownRegions = (
				en,
				Base,
			);
			mainGroup = E446DD9D1D13FA3500517C7E;
			productRefGroup = E446DDA71D13FA3500517C7E /* Products */;
			projectDirPath = "";
			projectRoot = "";
			targets = (
				E446DDA51D13FA3500517C7E /* orange_rtmp */,
				E446DDBE1D13FA3600517C7E /* orange_rtmpTests */,
				E446DDC91D13FA3600517C7E /* orange_rtmpUITests */,
			);
		};
/* End PBXProject section */

/* Begin PBXResourcesBuildPhase section */
		E446DDA41D13FA3500517C7E /* Resources */ = {
			isa = PBXResourcesBuildPhase;
			buildActionMask = 2147483647;
			files = (
				E446DDB91D13FA3500517C7E /* LaunchScreen.storyboard in Resources */,
				E446DDB61D13FA3500517C7E /* Assets.xcassets in Resources */,
				E446DDB41D13FA3500517C7E /* Main.storyboard in Resources */,
			);
			runOnlyForDeploymentPostprocessing = 0;
		};
		E446DDBD1D13FA3600517C7E /* Resources */ = {
			isa = PBXResourcesBuildPhase;
			buildActionMask = 2147483647;
			files = (
			);
			runOnlyForDeploymentPostprocessing = 0;
		};
		E446DDC81D13FA3600517C7E /* Resources */ = {
			isa = PBXResourcesBuildPhase;
			buildActionMask = 2147483647;
			files = (
			);
			runOnlyForDeploymentPostprocessing = 0;
		};
/* End PBXResourcesBuildPhase section */

/* Begin PBXSourcesBuildPhase section */
		E446DDA21D13FA3500517C7E /* Sources */ = {
			isa = PBXSourcesBuildPhase;
			buildActionMask = 2147483647;
			files = (
				E446DDB11D13FA3500517C7E /* ViewController.m in Sources */,
				E446DDAE1D13FA3500517C7E /* AppDelegate.m in Sources */,
				E446DDAB1D13FA3500517C7E /* main.m in Sources */,
			);
			runOnlyForDeploymentPostprocessing = 0;
		};
		E446DDBB1D13FA3600517C7E /* Sources */ = {
			isa = PBXSourcesBuildPhase;
			buildActionMask = 2147483647;
			files = (
				E446DDC41D13FA3600517C7E /* orange_rtmpTests.m in Sources */,
			);
			runOnlyForDeploymentPostprocessing = 0;
		};
		E446DDC61D13FA3600517C7E /* Sources */ = {
			isa = PBXSourcesBuildPhase;
			buildActionMask = 2147483647;
			files = (
				E446DDCF1D13FA3600517C7E /* orange_rtmpUITests.m in Sources */,
			);
			runOnlyForDeploymentPostprocessing = 0;
		};
/* End PBXSourcesBuildPhase section */

/* Begin PBXTargetDependency section */
		E446DDC11D13FA3600517C7E /* PBXTargetDependency */ = {
			isa = PBXTargetDependency;
			target = E446DDA51D13FA3500517C7E /* orange_rtmp */;
			targetProxy = E446DDC01D13FA3600517C7E /* PBXContainerItemProxy */;
		};
		E446DDCC1D13FA3600517C7E /* PBXTargetDependency */ = {
			isa = PBXTargetDependency;
			target = E446DDA51D13FA3500517C7E /* orange_rtmp */;
			targetProxy = E446DDCB1D13FA3600517C7E /* PBXContainerItemProxy */;
		};
/* End PBXTargetDependency section */

/* Begin PBXVariantGroup section */
		E446DDB21D13FA3500517C7E /* Main.storyboard */ = {
			isa = PBXVariantGroup;
			children = (
				E446DDB31D13FA3500517C7E /* Base */,
			);
			name = Main.storyboard;
			sourceTree = "<group>";
		};
		E446DDB71D13FA3500517C7E /* LaunchScreen.storyboard */ = {
			isa = PBXVariantGroup;
			children = (
				E446DDB81D13FA3500517C7E /* Base */,
			);
			name = LaunchScreen.storyboard;
			sourceTree = "<group>";
		};
/* End PBXVariantGroup section */

/* Begin XCBuildConfiguration section */
		E446DDD11D13FA3600517C7E /* Debug */ = {
			isa = XCBuildConfiguration;
			buildSettings = {
				ALWAYS_SEARCH_USER_PATHS = NO;
				CLANG_ANALYZER_NONNULL = YES;
				CLANG_CXX_LANGUAGE_STANDARD = "gnu++0x";
				CLANG_CXX_LIBRARY = "libc++";
				CLANG_ENABLE_MODULES = YES;
				CLANG_ENABLE_OBJC_ARC = YES;
				CLANG_WARN_BOOL_CONVERSION = YES;
				CLANG_WARN_CONSTANT_CONVERSION = YES;
				CLANG_WARN_DIRECT_OBJC_ISA_USAGE = YES_ERROR;
				CLANG_WARN_EMPTY_BODY = YES;
				CLANG_WARN_ENUM_CONVERSION = YES;
				CLANG_WARN_INT_CONVERSION = YES;
				CLANG_WARN_OBJC_ROOT_CLASS = YES_ERROR;
				CLANG_WARN_UNREACHABLE_CODE = YES;
				CLANG_WARN__DUPLICATE_METHOD_MATCH = YES;
				"CODE_SIGN_IDENTITY[sdk=iphoneos*]" = "iPhone Developer";
				COPY_PHASE_STRIP = NO;
				DEBUG_INFORMATION_FORMAT = dwarf;
				ENABLE_STRICT_OBJC_MSGSEND = YES;
				ENABLE_TESTABILITY = YES;
				GCC_C_LANGUAGE_STANDARD = gnu99;
				GCC_DYNAMIC_NO_PIC = NO;
				GCC_NO_COMMON_BLOCKS = YES;
				GCC_OPTIMIZATION_LEVEL = 0;
				GCC_PREPROCESSOR_DEFINITIONS = (
					"DEBUG=1",
					"$(inherited)",
				);
				GCC_WARN_64_TO_32_BIT_CONVERSION = YES;
				GCC_WARN_ABOUT_RETURN_TYPE = YES_ERROR;
				GCC_WARN_UNDECLARED_SELECTOR = YES;
				GCC_WARN_UNINITIALIZED_AUTOS = YES_AGGRESSIVE;
				GCC_WARN_UNUSED_FUNCTION = YES;
				GCC_WARN_UNUSED_VARIABLE = YES;
				IPHONEOS_DEPLOYMENT_TARGET = 9.3;
				MTL_ENABLE_DEBUG_INFO = YES;
				ONLY_ACTIVE_ARCH = YES;
				SDKROOT = iphoneos;
			};
			name = Debug;
		};
		E446DDD21D13FA3600517C7E /* Release */ = {
			isa = XCBuildConfiguration;
			buildSettings = {
				ALWAYS_SEARCH_USER_PATHS = NO;
				CLANG_ANALYZER_NONNULL = YES;
				CLANG_CXX_LANGUAGE_STANDARD = "gnu++0x";
				CLANG_CXX_LIBRARY = "libc++";
				CLANG_ENABLE_MODULES = YES;
				CLANG_ENABLE_OBJC_ARC = YES;
				CLANG_WARN_BOOL_CONVERSION = YES;
				CLANG_WARN_CONSTANT_CONVERSION = YES;
				CLANG_WARN_DIRECT_OBJC_ISA_USAGE = YES_ERROR;
				CLANG_WARN_EMPTY_BODY = YES;
				CLANG_WARN_ENUM_CONVERSION = YES;
				CLANG_WARN_INT_CONVERSION = YES;
				CLANG_WARN_OBJC_ROOT_CLASS = YES_ERROR;
				CLANG_WARN_UNREACHABLE_CODE = YES;
				CLANG_WARN__DUPLICATE_METHOD_MATCH = YES;
				"CODE_SIGN_IDENTITY[sdk=iphoneos*]" = "iPhone Developer";
				COPY_PHASE_STRIP = NO;
				DEBUG_INFORMATION_FORMAT = "dwarf-with-dsym";
				ENABLE_NS_ASSERTIONS = NO;
				ENABLE_STRICT_OBJC_MSGSEND = YES;
				GCC_C_LANGUAGE_STANDARD = gnu99;
				GCC_NO_COMMON_BLOCKS = YES;
				GCC_WARN_64_TO_32_BIT_CONVERSION = YES;
				GCC_WARN_ABOUT_RETURN_TYPE = YES_ERROR;
				GCC_WARN_UNDECLARED_SELECTOR = YES;
				GCC_WARN_UNINITIALIZED_AUTOS = YES_AGGRESSIVE;
				GCC_WARN_UNUSED_FUNCTION = YES;
				GCC_WARN_UNUSED_VARIABLE = YES;
				IPHONEOS_DEPLOYMENT_TARGET = 9.3;
				MTL_ENABLE_DEBUG_INFO = NO;
				SDKROOT = iphoneos;
				VALIDATE_PRODUCT = YES;
			};
			name = Release;
		};
		E446DDD41D13FA3600517C7E /* Debug */ = {
			isa = XCBuildConfiguration;
			buildSettings = {
				ASSETCATALOG_COMPILER_APPICON_NAME = AppIcon;
				DEVELOPMENT_TEAM = LLKYVL766D;
				FRAMEWORK_SEARCH_PATHS = (
					"$(inherited)",
					"$(PROJECT_DIR)/orange_rtmp",
				);
				INFOPLIST_FILE = orange_rtmp/Info.plist;
				LD_RUNPATH_SEARCH_PATHS = "$(inherited) @executable_path/Frameworks";
				PRODUCT_BUNDLE_IDENTIFIER = com.yldbkd.www.buyer.ios;
				PRODUCT_NAME = "$(TARGET_NAME)";
			};
			name = Debug;
		};
		E446DDD51D13FA3600517C7E /* Release */ = {
			isa = XCBuildConfiguration;
			buildSettings = {
				ASSETCATALOG_COMPILER_APPICON_NAME = AppIcon;
				DEVELOPMENT_TEAM = LLKYVL766D;
				FRAMEWORK_SEARCH_PATHS = (
					"$(inherited)",
					"$(PROJECT_DIR)/orange_rtmp",
				);
				INFOPLIST_FILE = orange_rtmp/Info.plist;
				LD_RUNPATH_SEARCH_PATHS = "$(inherited) @executable_path/Frameworks";
				PRODUCT_BUNDLE_IDENTIFIER = com.yldbkd.www.buyer.ios;
				PRODUCT_NAME = "$(TARGET_NAME)";
			};
			name = Release;
		};
		E446DDD71D13FA3600517C7E /* Debug */ = {
			isa = XCBuildConfiguration;
			buildSettings = {
				BUNDLE_LOADER = "$(TEST_HOST)";
				INFOPLIST_FILE = orange_rtmpTests/Info.plist;
				LD_RUNPATH_SEARCH_PATHS = "$(inherited) @executable_path/Frameworks @loader_path/Frameworks";
				PRODUCT_BUNDLE_IDENTIFIER = "com.toyohu.hejintao.orange-rtmpTests";
				PRODUCT_NAME = "$(TARGET_NAME)";
				TEST_HOST = "$(BUILT_PRODUCTS_DIR)/orange_rtmp.app/orange_rtmp";
			};
			name = Debug;
		};
		E446DDD81D13FA3600517C7E /* Release */ = {
			isa = XCBuildConfiguration;
			buildSettings = {
				BUNDLE_LOADER = "$(TEST_HOST)";
				INFOPLIST_FILE = orange_rtmpTests/Info.plist;
				LD_RUNPATH_SEARCH_PATHS = "$(inherited) @executable_path/Frameworks @loader_path/Frameworks";
				PRODUCT_BUNDLE_IDENTIFIER = "com.toyohu.hejintao.orange-rtmpTests";
				PRODUCT_NAME = "$(TARGET_NAME)";
				TEST_HOST = "$(BUILT_PRODUCTS_DIR)/orange_rtmp.app/orange_rtmp";
			};
			name = Release;
		};
		E446DDDA1D13FA3600517C7E /* Debug */ = {
			isa = XCBuildConfiguration;
			buildSettings = {
				INFOPLIST_FILE = orange_rtmpUITests/Info.plist;
				LD_RUNPATH_SEARCH_PATHS = "$(inherited) @executable_path/Frameworks @loader_path/Frameworks";
				PRODUCT_BUNDLE_IDENTIFIER = "com.toyohu.hejintao.orange-rtmpUITests";
				PRODUCT_NAME = "$(TARGET_NAME)";
				TEST_TARGET_NAME = orange_rtmp;
			};
			name = Debug;
		};
		E446DDDB1D13FA3600517C7E /* Release */ = {
			isa = XCBuildConfiguration;
			buildSettings = {
				INFOPLIST_FILE = orange_rtmpUITests/Info.plist;
				LD_RUNPATH_SEARCH_PATHS = "$(inherited) @executable_path/Frameworks @loader_path/Frameworks";
				PRODUCT_BUNDLE_IDENTIFIER = "com.toyohu.hejintao.orange-rtmpUITests";
				PRODUCT_NAME = "$(TARGET_NAME)";
				TEST_TARGET_NAME = orange_rtmp;
			};
			name = Release;
		};
/* End XCBuildConfiguration section */

/* Begin XCConfigurationList section */
		E446DDA11D13FA3500517C7E /* Build configuration list for PBXProject "orange_rtmp" */ = {
			isa = XCConfigurationList;
			buildConfigurations = (
				E446DDD11D13FA3600517C7E /* Debug */,
				E446DDD21D13FA3600517C7E /* Release */,
			);
			defaultConfigurationIsVisible = 0;
			defaultConfigurationName = Release;
		};
		E446DDD31D13FA3600517C7E /* Build configuration list for PBXNativeTarget "orange_rtmp" */ = {
			isa = XCConfigurationList;
			buildConfigurations = (
				E446DDD41D13FA3600517C7E /* Debug */,
				E446DDD51D13FA3600517C7E /* Release */,
			);
			defaultConfigurationIsVisible = 0;
			defaultConfigurationName = Release;
		};
		E446DDD61D13FA3600517C7E /* Build configuration list for PBXNativeTarget "orange_rtmpTests" */ = {
			isa = XCConfigurationList;
			buildConfigurations = (
				E446DDD71D13FA3600517C7E /* Debug */,
				E446DDD81D13FA3600517C7E /* Release */,
			);
			defaultConfigurationIsVisible = 0;
			defaultConfigurationName = Release;
		};
		E446DDD91D13FA3600517C7E /* Build configuration list for PBXNativeTarget "orange_rtmpUITests" */ = {
			isa = XCConfigurationList;
			buildConfigurations = (
				E446DDDA1D13FA3600517C7E /* Debug */,
				E446DDDB1D13FA3600517C7E /* Release */,
			);
			defaultConfigurationIsVisible = 0;
			defaultConfigurationName = Release;
		};
/* End XCConfigurationList section */
	};
	rootObject = E446DD9E1D13FA3500517C7E /* Project object */;
}
