// !$*UTF8*$!
{
	archiveVersion = 1;
	classes = {
	};
	objectVersion = 46;
	objects = {

/* Begin PBXBuildFile section */
		31DDE23263FEEDC26F294B70 /* main.m in Sources */ = {isa = PBXBuildFile; fileRef = 31DDE4A1130C1D6B4E266EE2 /* main.m */; };
		31DDE3D9518724C5D4CCC177 /* JJMenuItemCell.m in Sources */ = {isa = PBXBuildFile; fileRef = 31DDE9F5D66D42C26F8C1767 /* JJMenuItemCell.m */; };
		31DDE3EBA072FA226C17D17A /* Info.plist in Resources */ = {isa = PBXBuildFile; fileRef = 31DDE2946EA673666140CA2F /* Info.plist */; };
		31DDE52A3E0449AF88385330 /* AppDelegate.m in Sources */ = {isa = PBXBuildFile; fileRef = 31DDE451312E6BB0A7BAF941 /* AppDelegate.m */; };
		31DDE54AC4C3B91048131D52 /* LaunchScreen.storyboard in Resources */ = {isa = PBXBuildFile; fileRef = 31DDEF48438CB34FF5A35DC8 /* LaunchScreen.storyboard */; };
		31DDE588A98EC3051E9E8E71 /* ViewController.m in Sources */ = {isa = PBXBuildFile; fileRef = 31DDE529F8BA742CBF912DF0 /* ViewController.m */; };
		31DDEBE9981E21C6C1C2CD1D /* JJContentItemCell.m in Sources */ = {isa = PBXBuildFile; fileRef = 31DDEA344174541E466ED457 /* JJContentItemCell.m */; };
		31DDEBF7F933D955C75DC2A7 /* Assets.xcassets in Resources */ = {isa = PBXBuildFile; fileRef = 31DDE18FADD37D2C1061D43F /* Assets.xcassets */; };
		31DDEC961635732D606F472F /* TestViewController.m in Sources */ = {isa = PBXBuildFile; fileRef = 31DDE00D5527A15D53DF6426 /* TestViewController.m */; };
		31DDEE490490B9AEB5E91FD6 /* JJScrollMenu.m in Sources */ = {isa = PBXBuildFile; fileRef = 31DDE0B4E86311E886946EB9 /* JJScrollMenu.m */; };
		31DDEFA035025A6988C86EE7 /* Main.storyboard in Resources */ = {isa = PBXBuildFile; fileRef = 31DDE07935E126E6FD9B8F39 /* Main.storyboard */; };
		774B20E41DC9D7FC00E3FD02 /* twoViewController.m in Sources */ = {isa = PBXBuildFile; fileRef = 774B20E31DC9D7FC00E3FD02 /* twoViewController.m */; };
/* End PBXBuildFile section */

/* Begin PBXFileReference section */
		31DDE00D5527A15D53DF6426 /* TestViewController.m */ = {isa = PBXFileReference; fileEncoding = 4; lastKnownFileType = sourcecode.c.objc; path = TestViewController.m; sourceTree = "<group>"; };
		31DDE02AD7A117653D064AC6 /* Base */ = {isa = PBXFileReference; lastKnownFileType = file.storyboard; name = Base; path = Base.lproj/Main.storyboard; sourceTree = "<group>"; };
		31DDE0B4E86311E886946EB9 /* JJScrollMenu.m */ = {isa = PBXFileReference; fileEncoding = 4; lastKnownFileType = sourcecode.c.objc; path = JJScrollMenu.m; sourceTree = "<group>"; };
		31DDE131D956F3B0A032C257 /* JJScrollMenu.app */ = {isa = PBXFileReference; explicitFileType = wrapper.application; includeInIndex = 0; path = JJScrollMenu.app; sourceTree = BUILT_PRODUCTS_DIR; };
		31DDE18FADD37D2C1061D43F /* Assets.xcassets */ = {isa = PBXFileReference; lastKnownFileType = folder.assetcatalog; path = Assets.xcassets; sourceTree = "<group>"; };
		31DDE2946EA673666140CA2F /* Info.plist */ = {isa = PBXFileReference; lastKnownFileType = text.plist.info; path = Info.plist; sourceTree = "<group>"; };
		31DDE40FBC5C746A58FCD39B /* Base */ = {isa = PBXFileReference; lastKnownFileType = file.storyboard; name = Base; path = Base.lproj/LaunchScreen.storyboard; sourceTree = "<group>"; };
		31DDE451312E6BB0A7BAF941 /* AppDelegate.m */ = {isa = PBXFileReference; lastKnownFileType = sourcecode.c.objc; path = AppDelegate.m; sourceTree = "<group>"; };
		31DDE4A1130C1D6B4E266EE2 /* main.m */ = {isa = PBXFileReference; lastKnownFileType = sourcecode.c.objc; path = main.m; sourceTree = "<group>"; };
		31DDE529F8BA742CBF912DF0 /* ViewController.m */ = {isa = PBXFileReference; lastKnownFileType = sourcecode.c.objc; path = ViewController.m; sourceTree = "<group>"; };
		31DDE54791A1ED09E3D40664 /* JJContentItemCell.h */ = {isa = PBXFileReference; fileEncoding = 4; lastKnownFileType = sourcecode.c.h; path = JJContentItemCell.h; sourceTree = "<group>"; };
		31DDE80A49CD777CB26414B4 /* TestViewController.h */ = {isa = PBXFileReference; fileEncoding = 4; lastKnownFileType = sourcecode.c.h; path = TestViewController.h; sourceTree = "<group>"; };
		31DDE8844D7E2D5E0CA4D8E7 /* ViewController.h */ = {isa = PBXFileReference; lastKnownFileType = sourcecode.c.h; path = ViewController.h; sourceTree = "<group>"; };
		31DDE9F5D66D42C26F8C1767 /* JJMenuItemCell.m */ = {isa = PBXFileReference; fileEncoding = 4; lastKnownFileType = sourcecode.c.objc; path = JJMenuItemCell.m; sourceTree = "<group>"; };
		31DDEA344174541E466ED457 /* JJContentItemCell.m */ = {isa = PBXFileReference; fileEncoding = 4; lastKnownFileType = sourcecode.c.objc; path = JJContentItemCell.m; sourceTree = "<group>"; };
		31DDEB9EE58C27388B302395 /* JJMenuItemCell.h */ = {isa = PBXFileReference; fileEncoding = 4; lastKnownFileType = sourcecode.c.h; path = JJMenuItemCell.h; sourceTree = "<group>"; };
		31DDEC7C1F9FFA0FD76C4038 /* AppDelegate.h */ = {isa = PBXFileReference; lastKnownFileType = sourcecode.c.h; path = AppDelegate.h; sourceTree = "<group>"; };
		31DDEE5A0D9A88431F3B8204 /* JJScrollMenu.h */ = {isa = PBXFileReference; fileEncoding = 4; lastKnownFileType = sourcecode.c.h; path = JJScrollMenu.h; sourceTree = "<group>"; };
		774B20E21DC9D7FC00E3FD02 /* twoViewController.h */ = {isa = PBXFileReference; fileEncoding = 4; lastKnownFileType = sourcecode.c.h; path = twoViewController.h; sourceTree = "<group>"; };
		774B20E31DC9D7FC00E3FD02 /* twoViewController.m */ = {isa = PBXFileReference; fileEncoding = 4; lastKnownFileType = sourcecode.c.objc; path = twoViewController.m; sourceTree = "<group>"; };
/* End PBXFileReference section */

/* Begin PBXFrameworksBuildPhase section */
		31DDE0DF17E46C6C195F7EA1 /* Frameworks */ = {
			isa = PBXFrameworksBuildPhase;
			buildActionMask = 2147483647;
			files = (
			);
			runOnlyForDeploymentPostprocessing = 0;
		};
/* End PBXFrameworksBuildPhase section */

/* Begin PBXGroup section */
		31DDE0EC04117DF5CB801BCE = {
			isa = PBXGroup;
			children = (
				31DDE8E2D0E20370C52103DC /* Products */,
				31DDE19C65CDB49A4FF5C38D /* JJScrollMenu */,
			);
			sourceTree = "<group>";
		};
		31DDE1169D0D8B83880D9C28 /* Supporting Files */ = {
			isa = PBXGroup;
			children = (
				31DDE4A1130C1D6B4E266EE2 /* main.m */,
			);
			name = "Supporting Files";
			sourceTree = "<group>";
		};
		31DDE19C65CDB49A4FF5C38D /* JJScrollMenu */ = {
			isa = PBXGroup;
			children = (
				31DDE2946EA673666140CA2F /* Info.plist */,
				31DDE18FADD37D2C1061D43F /* Assets.xcassets */,
				31DDEF48438CB34FF5A35DC8 /* LaunchScreen.storyboard */,
				31DDE1169D0D8B83880D9C28 /* Supporting Files */,
				31DDEC7C1F9FFA0FD76C4038 /* AppDelegate.h */,
				31DDE451312E6BB0A7BAF941 /* AppDelegate.m */,
				31DDE07935E126E6FD9B8F39 /* Main.storyboard */,
				31DDE8844D7E2D5E0CA4D8E7 /* ViewController.h */,
				31DDE529F8BA742CBF912DF0 /* ViewController.m */,
				31DDEF217394F57437E66D39 /* JJScrollMenu */,
				31DDE00D5527A15D53DF6426 /* TestViewController.m */,
				31DDE80A49CD777CB26414B4 /* TestViewController.h */,
				774B20E21DC9D7FC00E3FD02 /* twoViewController.h */,
				774B20E31DC9D7FC00E3FD02 /* twoViewController.m */,
			);
			path = JJScrollMenu;
			sourceTree = "<group>";
		};
		31DDE8E2D0E20370C52103DC /* Products */ = {
			isa = PBXGroup;
			children = (
				31DDE131D956F3B0A032C257 /* JJScrollMenu.app */,
			);
			name = Products;
			sourceTree = "<group>";
		};
		31DDEF217394F57437E66D39 /* JJScrollMenu */ = {
			isa = PBXGroup;
			children = (
				31DDE0B4E86311E886946EB9 /* JJScrollMenu.m */,
				31DDEE5A0D9A88431F3B8204 /* JJScrollMenu.h */,
				31DDEB9EE58C27388B302395 /* JJMenuItemCell.h */,
				31DDE9F5D66D42C26F8C1767 /* JJMenuItemCell.m */,
				31DDEA344174541E466ED457 /* JJContentItemCell.m */,
				31DDE54791A1ED09E3D40664 /* JJContentItemCell.h */,
			);
			path = JJScrollMenu;
			sourceTree = "<group>";
		};
/* End PBXGroup section */

/* Begin PBXNativeTarget section */
		31DDE401BD4198E3D4561754 /* JJScrollMenu */ = {
			isa = PBXNativeTarget;
			buildConfigurationList = 31DDE678E6D712ED31141734 /* Build configuration list for PBXNativeTarget "JJScrollMenu" */;
			buildPhases = (
				31DDEA6D7EFFC94A5BCD7FBD /* Sources */,
				31DDE0DF17E46C6C195F7EA1 /* Frameworks */,
				31DDEC86A9FA587DFD76AC0C /* Resources */,
			);
			buildRules = (
			);
			dependencies = (
			);
			name = JJScrollMenu;
			productName = JJScrollMenu;
			productReference = 31DDE131D956F3B0A032C257 /* JJScrollMenu.app */;
			productType = "com.apple.product-type.application";
		};
/* End PBXNativeTarget section */

/* Begin PBXProject section */
		31DDEFF000E122A39537B09B /* Project object */ = {
			isa = PBXProject;
			attributes = {
				ORGANIZATIONNAME = "___Joon___";
			};
			buildConfigurationList = 31DDED5DF2283C427D968D05 /* Build configuration list for PBXProject "JJScrollMenu" */;
			compatibilityVersion = "Xcode 3.2";
			developmentRegion = English;
			hasScannedForEncodings = 0;
			knownRegions = (
				en,
			);
			mainGroup = 31DDE0EC04117DF5CB801BCE;
			productRefGroup = 31DDE8E2D0E20370C52103DC /* Products */;
			projectDirPath = "";
			projectRoot = "";
			targets = (
				31DDE401BD4198E3D4561754 /* JJScrollMenu */,
			);
		};
/* End PBXProject section */

/* Begin PBXResourcesBuildPhase section */
		31DDEC86A9FA587DFD76AC0C /* Resources */ = {
			isa = PBXResourcesBuildPhase;
			buildActionMask = 2147483647;
			files = (
				31DDE3EBA072FA226C17D17A /* Info.plist in Resources */,
				31DDEBF7F933D955C75DC2A7 /* Assets.xcassets in Resources */,
				31DDE54AC4C3B91048131D52 /* LaunchScreen.storyboard in Resources */,
				31DDEFA035025A6988C86EE7 /* Main.storyboard in Resources */,
			);
			runOnlyForDeploymentPostprocessing = 0;
		};
/* End PBXResourcesBuildPhase section */

/* Begin PBXSourcesBuildPhase section */
		31DDEA6D7EFFC94A5BCD7FBD /* Sources */ = {
			isa = PBXSourcesBuildPhase;
			buildActionMask = 2147483647;
			files = (
				31DDE23263FEEDC26F294B70 /* main.m in Sources */,
				31DDE52A3E0449AF88385330 /* AppDelegate.m in Sources */,
				31DDE588A98EC3051E9E8E71 /* ViewController.m in Sources */,
				31DDEE490490B9AEB5E91FD6 /* JJScrollMenu.m in Sources */,
				31DDE3D9518724C5D4CCC177 /* JJMenuItemCell.m in Sources */,
				31DDEBE9981E21C6C1C2CD1D /* JJContentItemCell.m in Sources */,
				31DDEC961635732D606F472F /* TestViewController.m in Sources */,
				774B20E41DC9D7FC00E3FD02 /* twoViewController.m in Sources */,
			);
			runOnlyForDeploymentPostprocessing = 0;
		};
/* End PBXSourcesBuildPhase section */

/* Begin PBXVariantGroup section */
		31DDE07935E126E6FD9B8F39 /* Main.storyboard */ = {
			isa = PBXVariantGroup;
			children = (
				31DDE02AD7A117653D064AC6 /* Base */,
			);
			name = Main.storyboard;
			sourceTree = "<group>";
		};
		31DDEF48438CB34FF5A35DC8 /* LaunchScreen.storyboard */ = {
			isa = PBXVariantGroup;
			children = (
				31DDE40FBC5C746A58FCD39B /* Base */,
			);
			name = LaunchScreen.storyboard;
			sourceTree = "<group>";
		};
/* End PBXVariantGroup section */

/* Begin XCBuildConfiguration section */
		31DDE1C87C7B99079F4C41B5 /* Release */ = {
			isa = XCBuildConfiguration;
			buildSettings = {
				ALWAYS_SEARCH_USER_PATHS = NO;
				CLANG_ANALYZER_NONNULL = YES;
				CLANG_CXX_LANGUAGE_STANDARD = "gnu++0x";
				CLANG_CXX_LIBRARY = "libc++";
				CLANG_ENABLE_MODULES = YES;
				CLANG_ENABLE_OBJC_ARC = YES;
				CLANG_WARN_BOOL_CONVERSION = YES;
				CLANG_WARN_CONSTANT_CONVERSION = YES;
				CLANG_WARN_DIRECT_OBJC_ISA_USAGE = YES_ERROR;
				CLANG_WARN_EMPTY_BODY = YES;
				CLANG_WARN_ENUM_CONVERSION = YES;
				CLANG_WARN_INT_CONVERSION = YES;
				CLANG_WARN_OBJC_ROOT_CLASS = YES_ERROR;
				CLANG_WARN_UNREACHABLE_CODE = YES;
				CLANG_WARN__DUPLICATE_METHOD_MATCH = YES;
				"CODE_SIGN_IDENTITY[sdk=iphoneos*]" = "iPhone Developer";
				COPY_PHASE_STRIP = NO;
				DEBUG_INFORMATION_FORMAT = "dwarf-with-dsym";
				ENABLE_NS_ASSERTIONS = NO;
				ENABLE_STRICT_OBJC_MSGSEND = YES;
				GCC_C_LANGUAGE_STANDARD = gnu99;
				GCC_NO_COMMON_BLOCKS = YES;
				GCC_WARN_64_TO_32_BIT_CONVERSION = YES;
				GCC_WARN_ABOUT_RETURN_TYPE = YES_ERROR;
				GCC_WARN_UNDECLARED_SELECTOR = YES;
				GCC_WARN_UNINITIALIZED_AUTOS = YES_AGGRESSIVE;
				GCC_WARN_UNUSED_FUNCTION = YES;
				GCC_WARN_UNUSED_VARIABLE = YES;
				IPHONEOS_DEPLOYMENT_TARGET = 9.3;
				MTL_ENABLE_DEBUG_INFO = NO;
				SDKROOT = iphoneos;
				TARGETED_DEVICE_FAMILY = "1,2";
				VALIDATE_PRODUCT = YES;
			};
			name = Release;
		};
		31DDED804B9F974AB353400A /* Release */ = {
			isa = XCBuildConfiguration;
			buildSettings = {
				ASSETCATALOG_COMPILER_APPICON_NAME = AppIcon;
				"CODE_SIGN_IDENTITY[sdk=iphoneos*]" = "";
				INFOPLIST_FILE = JJScrollMenu/Info.plist;
				LD_RUNPATH_SEARCH_PATHS = "$(inherited) @executable_path/Frameworks";
				PRODUCT_BUNDLE_IDENTIFIER = com.joon.JJScrollMenu;
				PRODUCT_NAME = "$(TARGET_NAME)";
			};
			name = Release;
		};
		31DDEDAE77E0D05FC65D08BC /* Debug */ = {
			isa = XCBuildConfiguration;
			buildSettings = {
				ALWAYS_SEARCH_USER_PATHS = NO;
				CLANG_ANALYZER_NONNULL = YES;
				CLANG_CXX_LANGUAGE_STANDARD = "gnu++0x";
				CLANG_CXX_LIBRARY = "libc++";
				CLANG_ENABLE_MODULES = YES;
				CLANG_ENABLE_OBJC_ARC = YES;
				CLANG_WARN_BOOL_CONVERSION = YES;
				CLANG_WARN_CONSTANT_CONVERSION = YES;
				CLANG_WARN_DIRECT_OBJC_ISA_USAGE = YES_ERROR;
				CLANG_WARN_EMPTY_BODY = YES;
				CLANG_WARN_ENUM_CONVERSION = YES;
				CLANG_WARN_INT_CONVERSION = YES;
				CLANG_WARN_OBJC_ROOT_CLASS = YES_ERROR;
				CLANG_WARN_UNREACHABLE_CODE = YES;
				CLANG_WARN__DUPLICATE_METHOD_MATCH = YES;
				"CODE_SIGN_IDENTITY[sdk=iphoneos*]" = "iPhone Developer";
				COPY_PHASE_STRIP = NO;
				DEBUG_INFORMATION_FORMAT = dwarf;
				ENABLE_STRICT_OBJC_MSGSEND = YES;
				ENABLE_TESTABILITY = YES;
				GCC_C_LANGUAGE_STANDARD = gnu99;
				GCC_DYNAMIC_NO_PIC = NO;
				GCC_NO_COMMON_BLOCKS = YES;
				GCC_OPTIMIZATION_LEVEL = 0;
				GCC_PREPROCESSOR_DEFINITIONS = (
					"DEBUG=1",
					"$(inherited)",
				);
				GCC_WARN_64_TO_32_BIT_CONVERSION = YES;
				GCC_WARN_ABOUT_RETURN_TYPE = YES_ERROR;
				GCC_WARN_UNDECLARED_SELECTOR = YES;
				GCC_WARN_UNINITIALIZED_AUTOS = YES_AGGRESSIVE;
				GCC_WARN_UNUSED_FUNCTION = YES;
				GCC_WARN_UNUSED_VARIABLE = YES;
				IPHONEOS_DEPLOYMENT_TARGET = 9.3;
				MTL_ENABLE_DEBUG_INFO = YES;
				ONLY_ACTIVE_ARCH = YES;
				SDKROOT = iphoneos;
				TARGETED_DEVICE_FAMILY = "1,2";
			};
			name = Debug;
		};
		31DDEEC6F99D747B55DC5EC7 /* Debug */ = {
			isa = XCBuildConfiguration;
			buildSettings = {
				ASSETCATALOG_COMPILER_APPICON_NAME = AppIcon;
				"CODE_SIGN_IDENTITY[sdk=iphoneos*]" = "";
				INFOPLIST_FILE = JJScrollMenu/Info.plist;
				LD_RUNPATH_SEARCH_PATHS = "$(inherited) @executable_path/Frameworks";
				PRODUCT_BUNDLE_IDENTIFIER = com.joon.JJScrollMenu;
				PRODUCT_NAME = "$(TARGET_NAME)";
			};
			name = Debug;
		};
/* End XCBuildConfiguration section */

/* Begin XCConfigurationList section */
		31DDE678E6D712ED31141734 /* Build configuration list for PBXNativeTarget "JJScrollMenu" */ = {
			isa = XCConfigurationList;
			buildConfigurations = (
				31DDEEC6F99D747B55DC5EC7 /* Debug */,
				31DDED804B9F974AB353400A /* Release */,
			);
			defaultConfigurationIsVisible = 0;
			defaultConfigurationName = Release;
		};
		31DDED5DF2283C427D968D05 /* Build configuration list for PBXProject "JJScrollMenu" */ = {
			isa = XCConfigurationList;
			buildConfigurations = (
				31DDEDAE77E0D05FC65D08BC /* Debug */,
				31DDE1C87C7B99079F4C41B5 /* Release */,
			);
			defaultConfigurationIsVisible = 0;
			defaultConfigurationName = Release;
		};
/* End XCConfigurationList section */
	};
	rootObject = 31DDEFF000E122A39537B09B /* Project object */;
}
